# This file is automatically @generated by Cargo.
# It is not intended for manual editing.
version = 4

[[package]]
name = "immutable_string"
version = "0.1.1"
source = "registry+https://github.com/rust-lang/crates.io-index"
checksum = "33f918ad955a027c154e246ba6e6cc9628264a1eab90126618aecc0f9944389a"
dependencies = [
 "lazy_static",
 "weak-table",
]

[[package]]
name = "lazy_static"
version = "1.5.0"
source = "registry+https://github.com/rust-lang/crates.io-index"
checksum = "bbd2bcb4c963f2ddae06a2efc7e9f3591312473c50c6685e1f298068316e66fe"

[[package]]
name = "slashc"
version = "0.1.0"
dependencies = [
 "immutable_string",
 "lazy_static",
]

[[package]]
name = "weak-table"
version = "0.3.2"
source = "registry+https://github.com/rust-lang/crates.io-index"
checksum = "323f4da9523e9a669e1eaf9c6e763892769b1d38c623913647bfdc1532fe4549"
